lockfileVersion: '9.0'

settings:
  autoInstallPeers: true
  excludeLinksFromLockfile: false

importers:

  .:
    dependencies:
      '@ai-sdk/anthropic':
        specifier: ^3.0.74
        version: 3.0.74(zod@4.4.2)
      '@ai-sdk/google':
        specifier: ^3.0.67
        version: 3.0.67(zod@4.4.2)
      '@ai-sdk/openai':
        specifier: ^3.0.58
        version: 3.0.58(zod@4.4.2)
      '@google/generative-ai':
        specifier: ^0.24.1
        version: 0.24.1
      ai:
        specifier: ^6.0.174
        version: 6.0.174(zod@4.4.2)

packages:

  '@ai-sdk/anthropic@3.0.74':
    resolution: {integrity: sha512-Xew9rfz9WWhDSyF8rNhjT/XWOWelNfJrMlmG0Ahw210hStisRpQZ1s+7VeI9JTJOZ5y5tXqBi5kfPwYnCfyRTA==}
    engines: {node: '>=18'}
    peerDependencies:
      zod: ^3.25.76 || ^4.1.8

  '@ai-sdk/gateway@3.0.109':
    resolution: {integrity: sha512-r6dOqThjODp1vOhGRJg2OCmyB/ZOQtGx1esZ2SDvwDX5XoX8dBqYaYjLg8MPXTzMGJSgOkJyCxWgUcZtAl16pw==}
    engines: {node: '>=18'}
    peerDependencies:
      zod: ^3.25.76 || ^4.1.8

  '@ai-sdk/google@3.0.67':
    resolution: {integrity: sha512-Qeq+SidYtzMrcf0fdw3L0QLmtXK+ErwdBzbxS4+0Q/2UP85Ges8RJJcbAj7SO8e2JbeJoM35BLqkeNy1o3wJvQ==}
    engines: {node: '>=18'}
    peerDependencies:
      zod: ^3.25.76 || ^4.1.8

  '@ai-sdk/openai@3.0.58':
    resolution: {integrity: sha512-2+5xGMROmrBboJuoOwqLL3b/o3i56+NRdxXDNVAiTyYjLiBj6KzembeuyuBT217be1X+zkEfAqD1H0irJlGIyw==}
    engines: {node: '>=18'}
    peerDependencies:
      zod: ^3.25.76 || ^4.1.8

  '@ai-sdk/provider-utils@4.0.26':
    resolution: {integrity: sha512-CsKNLKsOpvPujRlIYvoz+Ybw+kGn7J4/fIZa/58+R7iWLLfwn6ifE2G6Yq8K9XvH/I/3bzaDAJ3NhRwEMsLBKQ==}
    engines: {node: '>=18'}
    peerDependencies:
      zod: ^3.25.76 || ^4.1.8

  '@ai-sdk/provider@3.0.10':
    resolution: {integrity: sha512-Q3BZ27qfpYqnCYGvE3vt+Qi6LGOF9R5Nmzn+9JoM1lCRsD9mYaIhfJLkSunN48nfGXJ6n+XNV0J/XVpqGQl7Dw==}
    engines: {node: '>=18'}

  '@google/generative-ai@0.24.1':
    resolution: {integrity: sha512-MqO+MLfM6kjxcKoy0p1wRzG3b4ZZXtPI+z2IE26UogS2Cm/XHO+7gGRBh6gcJsOiIVoH93UwKvW4HdgiOZCy9Q==}
    engines: {node: '>=18.0.0'}

  '@opentelemetry/api@1.9.0':
    resolution: {integrity: sha512-3giAOQvZiH5F9bMlMiv8+GSPMeqg0dbaeo58/0SlA9sxSqZhnUtxzX9/2FzyhS9sWQf5S0GJE0AKBrFqjpeYcg==}
    engines: {node: '>=8.0.0'}

  '@standard-schema/spec@1.1.0':
    resolution: {integrity: sha512-l2aFy5jALhniG5HgqrD6jXLi/rUWrKvqN/qJx6yoJsgKhblVd+iqqU4RCXavm/jPityDo5TCvKMnpjKnOriy0w==}

  '@vercel/oidc@3.2.0':
    resolution: {integrity: sha512-UycprH3T6n3jH0k44NHMa7pnFHGu/N05MjojYr+Mc6I7obkoLIJujSWwin1pCvdy/eOxrI/l3uDLQsmcrOb4ug==}
    engines: {node: '>= 20'}

  ai@6.0.174:
    resolution: {integrity: sha512-bTrfLUWHWtkjzWyCY4bmyuk4Qvmj4S4NSNsXyNSVVqkmftQNtxRj7dzUoMeQDBBwlJO6fC7m2Q/lNOPqQQfAGA==}
    engines: {node: '>=18'}
    peerDependencies:
      zod: ^3.25.76 || ^4.1.8

  eventsource-parser@3.0.8:
    resolution: {integrity: sha512-70QWGkr4snxr0OXLRWsFLeRBIRPuQOvt4s8QYjmUlmlkyTZkRqS7EDVRZtzU3TiyDbXSzaOeF0XUKy8PchzukQ==}
    engines: {node: '>=18.0.0'}

  json-schema@0.4.0:
    resolution: {integrity: sha512-es94M3nTIfsEPisRafak+HDLfHXnKBhV3vU5eqPcS3flIWqcxJWgXHXiey3YrpaNsanY5ei1VoYEbOzijuq9BA==}

  zod@4.4.2:
    resolution: {integrity: sha512-IynmDyxsEsb9RKzO3J9+4SxXnl2FTFSzNBaKKaMV6tsSk0rw9gYw9gs+JFCq/qk2LCZ78KDwyj+Z289TijSkUw==}

snapshots:

  '@ai-sdk/anthropic@3.0.74(zod@4.4.2)':
    dependencies:
      '@ai-sdk/provider': 3.0.10
      '@ai-sdk/provider-utils': 4.0.26(zod@4.4.2)
      zod: 4.4.2

  '@ai-sdk/gateway@3.0.109(zod@4.4.2)':
    dependencies:
      '@ai-sdk/provider': 3.0.10
      '@ai-sdk/provider-utils': 4.0.26(zod@4.4.2)
      '@vercel/oidc': 3.2.0
      zod: 4.4.2

  '@ai-sdk/google@3.0.67(zod@4.4.2)':
    dependencies:
      '@ai-sdk/provider': 3.0.10
      '@ai-sdk/provider-utils': 4.0.26(zod@4.4.2)
      zod: 4.4.2

  '@ai-sdk/openai@3.0.58(zod@4.4.2)':
    dependencies:
      '@ai-sdk/provider': 3.0.10
      '@ai-sdk/provider-utils': 4.0.26(zod@4.4.2)
      zod: 4.4.2

  '@ai-sdk/provider-utils@4.0.26(zod@4.4.2)':
    dependencies:
      '@ai-sdk/provider': 3.0.10
      '@standard-schema/spec': 1.1.0
      eventsource-parser: 3.0.8
      zod: 4.4.2

  '@ai-sdk/provider@3.0.10':
    dependencies:
      json-schema: 0.4.0

  '@google/generative-ai@0.24.1': {}

  '@opentelemetry/api@1.9.0': {}

  '@standard-schema/spec@1.1.0': {}

  '@vercel/oidc@3.2.0': {}

  ai@6.0.174(zod@4.4.2):
    dependencies:
      '@ai-sdk/gateway': 3.0.109(zod@4.4.2)
      '@ai-sdk/provider': 3.0.10
      '@ai-sdk/provider-utils': 4.0.26(zod@4.4.2)
      '@opentelemetry/api': 1.9.0
      zod: 4.4.2

  eventsource-parser@3.0.8: {}

  json-schema@0.4.0: {}

  zod@4.4.2: {}
